
Microsoft Visual Studio Solution File, Format Version 12.00
# Visual Studio Version 17
VisualStudioVersion = 17.4.33213.308
MinimumVisualStudioVersion = 10.0.40219.1
Project("{FAE04EC0-301F-11D3-BF4B-00C04F79EFBC}") = "StomperUp", "StomperUp\StomperUp.csproj", "{FF681D3F-E65F-475B-96F1-384FF4D68BAC}"
EndProject
Global
	GlobalSection(SolutionConfigurationPlatforms) = preSolution
		Debug|Any CPU = Debug|Any CPU
		Release|Any CPU = Release|Any CPU
	EndGlobalSection
	GlobalSection(ProjectConfigurationPlatforms) = postSolution
		{FF681D3F-E65F-475B-96F1-384FF4D68BAC}.Debug|Any CPU.ActiveCfg = Debug|Any CPU
		{FF681D3F-E65F-475B-96F1-384FF4D68BAC}.Debug|Any CPU.Build.0 = Debug|Any CPU
		{FF681D3F-E65F-475B-96F1-384FF4D68BAC}.Release|Any CPU.ActiveCfg = Release|Any CPU
		{FF681D3F-E65F-475B-96F1-384FF4D68BAC}.Release|Any CPU.Build.0 = Release|Any CPU
	EndGlobalSection
	GlobalSection(SolutionProperties) = preSolution
		HideSolutionNode = FALSE
	EndGlobalSection
	GlobalSection(ExtensibilityGlobals) = postSolution
		SolutionGuid = {0EE89CB0-782B-4389-95FB-5A957907C91B}
	EndGlobalSection
EndGlobal
